// !$*UTF8*$!
{
	archiveVersion = 1;
	classes = {
	};
	objectVersion = 46;
	objects = {

/* Begin PBXBuildFile section */
		3BA7A3721731EA9100FA8F36 /* Icon-72.png in Resources */ = {isa = PBXBuildFile; fileRef = 3BA7A36A1731EA9100FA8F36 /* Icon-72.png */; };
		3BA7A3731731EA9100FA8F36 /* Icon-144.png in Resources */ = {isa = PBXBuildFile; fileRef = 3BA7A36B1731EA9100FA8F36 /* Icon-144.png */; };
		3BA7A3741731EA9100FA8F36 /* Icon-Small-50.png in Resources */ = {isa = PBXBuildFile; fileRef = 3BA7A36C1731EA9100FA8F36 /* Icon-Small-50.png */; };
		3BA7A3751731EA9100FA8F36 /* Icon-Small.png in Resources */ = {isa = PBXBuildFile; fileRef = 3BA7A36D1731EA9100FA8F36 /* Icon-Small.png */; };
		3BA7A3761731EA9100FA8F36 /* Icon-Small@2x.png in Resources */ = {isa = PBXBuildFile; fileRef = 3BA7A36E1731EA9100FA8F36 /* Icon-Small@2x.png */; };
		3BA7A3771731EA9100FA8F36 /* Icon.png in Resources */ = {isa = PBXBuildFile; fileRef = 3BA7A36F1731EA9100FA8F36 /* Icon.png */; };
		3BA7A3781731EA9100FA8F36 /* Icon@2x.png in Resources */ = {isa = PBXBuildFile; fileRef = 3BA7A3701731EA9100FA8F36 /* Icon@2x.png */; };
		3BA7A3791731EA9100FA8F36 /* iTunesArtwork.png in Resources */ = {isa = PBXBuildFile; fileRef = 3BA7A3711731EA9100FA8F36 /* iTunesArtwork.png */; };
		8B40D50E172B13EF0000128D /* LoginViewController.m in Sources */ = {isa = PBXBuildFile; fileRef = 8B40D50C172B13EF0000128D /* LoginViewController.m */; };
		8B40D50F172B13EF0000128D /* LoginViewController.xib in Resources */ = {isa = PBXBuildFile; fileRef = 8B40D50D172B13EF0000128D /* LoginViewController.xib */; };
		8B53F04616E3CF4C00647664 /* Default-568h@2x.png in Resources */ = {isa = PBXBuildFile; fileRef = 8B53F04516E3CF4C00647664 /* Default-568h@2x.png */; };
		8B53F04916E3D0F900647664 /* Ticket.m in Sources */ = {isa = PBXBuildFile; fileRef = 8B53F04816E3D0F900647664 /* Ticket.m */; };
		8B53F04D16E3D64000647664 /* AddTicketViewController.m in Sources */ = {isa = PBXBuildFile; fileRef = 8B53F04B16E3D64000647664 /* AddTicketViewController.m */; };
		8B53F04E16E3D64000647664 /* AddTicketViewController.xib in Resources */ = {isa = PBXBuildFile; fileRef = 8B53F04C16E3D64000647664 /* AddTicketViewController.xib */; };
		8B53F05216E3D65000647664 /* TicketViewController.m in Sources */ = {isa = PBXBuildFile; fileRef = 8B53F05016E3D65000647664 /* TicketViewController.m */; };
		8B53F05316E3D65000647664 /* TicketViewController.xib in Resources */ = {isa = PBXBuildFile; fileRef = 8B53F05116E3D65000647664 /* TicketViewController.xib */; };
		8B53F05B16E3DFA900647664 /* phone.png in Resources */ = {isa = PBXBuildFile; fileRef = 8B53F05A16E3DFA900647664 /* phone.png */; };
		8BD4272B1711F167006DC9F1 /* CommentViewController.m in Sources */ = {isa = PBXBuildFile; fileRef = 8BD427291711F167006DC9F1 /* CommentViewController.m */; };
		8BD4272C1711F167006DC9F1 /* CommentViewController.xib in Resources */ = {isa = PBXBuildFile; fileRef = 8BD4272A1711F167006DC9F1 /* CommentViewController.xib */; };
		E15076EA16C95F8700D55EDF /* UIKit.framework in Frameworks */ = {isa = PBXBuildFile; fileRef = E15076E916C95F8700D55EDF /* UIKit.framework */; };
		E15076EC16C95F8700D55EDF /* Foundation.framework in Frameworks */ = {isa = PBXBuildFile; fileRef = E15076EB16C95F8700D55EDF /* Foundation.framework */; };
		E15076EE16C95F8700D55EDF /* CoreGraphics.framework in Frameworks */ = {isa = PBXBuildFile; fileRef = E15076ED16C95F8700D55EDF /* CoreGraphics.framework */; };
		E15076F416C95F8700D55EDF /* InfoPlist.strings in Resources */ = {isa = PBXBuildFile; fileRef = E15076F216C95F8700D55EDF /* InfoPlist.strings */; };
		E15076F616C95F8800D55EDF /* main.m in Sources */ = {isa = PBXBuildFile; fileRef = E15076F516C95F8700D55EDF /* main.m */; };
		E15076FA16C95F8800D55EDF /* AppDelegate.m in Sources */ = {isa = PBXBuildFile; fileRef = E15076F916C95F8800D55EDF /* AppDelegate.m */; };
		E15076FD16C95F8800D55EDF /* IssuesViewController.m in Sources */ = {isa = PBXBuildFile; fileRef = E15076FC16C95F8800D55EDF /* IssuesViewController.m */; };
		E150770016C95F8800D55EDF /* IssuesViewController.xib in Resources */ = {isa = PBXBuildFile; fileRef = E15076FE16C95F8800D55EDF /* IssuesViewController.xib */; };
/* End PBXBuildFile section */

/* Begin PBXFileReference section */
		3BA7A36A1731EA9100FA8F36 /* Icon-72.png */ = {isa = PBXFileReference; lastKnownFileType = image.png; path = "Icon-72.png"; sourceTree = "<group>"; };
		3BA7A36B1731EA9100FA8F36 /* Icon-144.png */ = {isa = PBXFileReference; lastKnownFileType = image.png; path = "Icon-144.png"; sourceTree = "<group>"; };
		3BA7A36C1731EA9100FA8F36 /* Icon-Small-50.png */ = {isa = PBXFileReference; lastKnownFileType = image.png; path = "Icon-Small-50.png"; sourceTree = "<group>"; };
		3BA7A36D1731EA9100FA8F36 /* Icon-Small.png */ = {isa = PBXFileReference; lastKnownFileType = image.png; path = "Icon-Small.png"; sourceTree = "<group>"; };
		3BA7A36E1731EA9100FA8F36 /* Icon-Small@2x.png */ = {isa = PBXFileReference; lastKnownFileType = image.png; path = "Icon-Small@2x.png"; sourceTree = "<group>"; };
		3BA7A36F1731EA9100FA8F36 /* Icon.png */ = {isa = PBXFileReference; lastKnownFileType = image.png; path = Icon.png; sourceTree = "<group>"; };
		3BA7A3701731EA9100FA8F36 /* Icon@2x.png */ = {isa = PBXFileReference; lastKnownFileType = image.png; path = "Icon@2x.png"; sourceTree = "<group>"; };
		3BA7A3711731EA9100FA8F36 /* iTunesArtwork.png */ = {isa = PBXFileReference; lastKnownFileType = image.png; path = iTunesArtwork.png; sourceTree = "<group>"; };
		8B40D50B172B13EF0000128D /* LoginViewController.h */ = {isa = PBXFileReference; fileEncoding = 4; lastKnownFileType = sourcecode.c.h; path = LoginViewController.h; sourceTree = "<group>"; };
		8B40D50C172B13EF0000128D /* LoginViewController.m */ = {isa = PBXFileReference; fileEncoding = 4; lastKnownFileType = sourcecode.c.objc; path = LoginViewController.m; sourceTree = "<group>"; };
		8B40D50D172B13EF0000128D /* LoginViewController.xib */ = {isa = PBXFileReference; fileEncoding = 4; lastKnownFileType = file.xib; path = LoginViewController.xib; sourceTree = "<group>"; };
		8B53F04516E3CF4C00647664 /* Default-568h@2x.png */ = {isa = PBXFileReference; lastKnownFileType = image.png; path = "Default-568h@2x.png"; sourceTree = "<group>"; };
		8B53F04716E3D0F900647664 /* Ticket.h */ = {isa = PBXFileReference; fileEncoding = 4; lastKnownFileType = sourcecode.c.h; path = Ticket.h; sourceTree = "<group>"; };
		8B53F04816E3D0F900647664 /* Ticket.m */ = {isa = PBXFileReference; fileEncoding = 4; lastKnownFileType = sourcecode.c.objc; path = Ticket.m; sourceTree = "<group>"; };
		8B53F04A16E3D64000647664 /* AddTicketViewController.h */ = {isa = PBXFileReference; fileEncoding = 4; lastKnownFileType = sourcecode.c.h; path = AddTicketViewController.h; sourceTree = "<group>"; };
		8B53F04B16E3D64000647664 /* AddTicketViewController.m */ = {isa = PBXFileReference; fileEncoding = 4; lastKnownFileType = sourcecode.c.objc; path = AddTicketViewController.m; sourceTree = "<group>"; };
		8B53F04C16E3D64000647664 /* AddTicketViewController.xib */ = {isa = PBXFileReference; fileEncoding = 4; lastKnownFileType = file.xib; path = AddTicketViewController.xib; sourceTree = "<group>"; };
		8B53F04F16E3D65000647664 /* TicketViewController.h */ = {isa = PBXFileReference; fileEncoding = 4; lastKnownFileType = sourcecode.c.h; path = TicketViewController.h; sourceTree = "<group>"; };
		8B53F05016E3D65000647664 /* TicketViewController.m */ = {isa = PBXFileReference; fileEncoding = 4; lastKnownFileType = sourcecode.c.objc; path = TicketViewController.m; sourceTree = "<group>"; };
		8B53F05116E3D65000647664 /* TicketViewController.xib */ = {isa = PBXFileReference; fileEncoding = 4; lastKnownFileType = file.xib; path = TicketViewController.xib; sourceTree = "<group>"; };
		8B53F05A16E3DFA900647664 /* phone.png */ = {isa = PBXFileReference; lastKnownFileType = image.png; name = phone.png; path = Images/phone.png; sourceTree = "<group>"; };
		8BD427281711F167006DC9F1 /* CommentViewController.h */ = {isa = PBXFileReference; fileEncoding = 4; lastKnownFileType = sourcecode.c.h; path = CommentViewController.h; sourceTree = "<group>"; };
		8BD427291711F167006DC9F1 /* CommentViewController.m */ = {isa = PBXFileReference; fileEncoding = 4; lastKnownFileType = sourcecode.c.objc; path = CommentViewController.m; sourceTree = "<group>"; };
		8BD4272A1711F167006DC9F1 /* CommentViewController.xib */ = {isa = PBXFileReference; fileEncoding = 4; lastKnownFileType = file.xib; path = CommentViewController.xib; sourceTree = "<group>"; };
		E15076E516C95F8700D55EDF /* HelpDesk.app */ = {isa = PBXFileReference; explicitFileType = wrapper.application; includeInIndex = 0; path = HelpDesk.app; sourceTree = BUILT_PRODUCTS_DIR; };
		E15076E916C95F8700D55EDF /* UIKit.framework */ = {isa = PBXFileReference; lastKnownFileType = wrapper.framework; name = UIKit.framework; path = System/Library/Frameworks/UIKit.framework; sourceTree = SDKROOT; };
		E15076EB16C95F8700D55EDF /* Foundation.framework */ = {isa = PBXFileReference; lastKnownFileType = wrapper.framework; name = Foundation.framework; path = System/Library/Frameworks/Foundation.framework; sourceTree = SDKROOT; };
		E15076ED16C95F8700D55EDF /* CoreGraphics.framework */ = {isa = PBXFileReference; lastKnownFileType = wrapper.framework; name = CoreGraphics.framework; path = System/Library/Frameworks/CoreGraphics.framework; sourceTree = SDKROOT; };
		E15076F116C95F8700D55EDF /* Grinnell-Helpdesk-iOS-Info.plist */ = {isa = PBXFileReference; lastKnownFileType = text.plist.xml; path = "Grinnell-Helpdesk-iOS-Info.plist"; sourceTree = "<group>"; };
		E15076F316C95F8700D55EDF /* en */ = {isa = PBXFileReference; lastKnownFileType = text.plist.strings; name = en; path = en.lproj/InfoPlist.strings; sourceTree = "<group>"; };
		E15076F516C95F8700D55EDF /* main.m */ = {isa = PBXFileReference; lastKnownFileType = sourcecode.c.objc; path = main.m; sourceTree = "<group>"; };
		E15076F716C95F8800D55EDF /* Grinnell-Helpdesk-iOS-Prefix.pch */ = {isa = PBXFileReference; lastKnownFileType = sourcecode.c.h; path = "Grinnell-Helpdesk-iOS-Prefix.pch"; sourceTree = "<group>"; };
		E15076F816C95F8800D55EDF /* AppDelegate.h */ = {isa = PBXFileReference; lastKnownFileType = sourcecode.c.h; path = AppDelegate.h; sourceTree = "<group>"; };
		E15076F916C95F8800D55EDF /* AppDelegate.m */ = {isa = PBXFileReference; lastKnownFileType = sourcecode.c.objc; path = AppDelegate.m; sourceTree = "<group>"; };
		E15076FB16C95F8800D55EDF /* IssuesViewController.h */ = {isa = PBXFileReference; lastKnownFileType = sourcecode.c.h; path = IssuesViewController.h; sourceTree = "<group>"; };
		E15076FC16C95F8800D55EDF /* IssuesViewController.m */ = {isa = PBXFileReference; lastKnownFileType = sourcecode.c.objc; path = IssuesViewController.m; sourceTree = "<group>"; };
		E15076FF16C95F8800D55EDF /* en */ = {isa = PBXFileReference; lastKnownFileType = file.xib; name = en; path = en.lproj/IssuesViewController.xib; sourceTree = "<group>"; };
/* End PBXFileReference section */

/* Begin PBXFrameworksBuildPhase section */
		E15076E216C95F8700D55EDF /* Frameworks */ = {
			isa = PBXFrameworksBuildPhase;
			buildActionMask = 2147483647;
			files = (
				E15076EA16C95F8700D55EDF /* UIKit.framework in Frameworks */,
				E15076EC16C95F8700D55EDF /* Foundation.framework in Frameworks */,
				E15076EE16C95F8700D55EDF /* CoreGraphics.framework in Frameworks */,
			);
			runOnlyForDeploymentPostprocessing = 0;
		};
/* End PBXFrameworksBuildPhase section */

/* Begin PBXGroup section */
		3BA7A3691731EA8100FA8F36 /* Icons */ = {
			isa = PBXGroup;
			children = (
				3BA7A36A1731EA9100FA8F36 /* Icon-72.png */,
				3BA7A36B1731EA9100FA8F36 /* Icon-144.png */,
				3BA7A36C1731EA9100FA8F36 /* Icon-Small-50.png */,
				3BA7A36D1731EA9100FA8F36 /* Icon-Small.png */,
				3BA7A36E1731EA9100FA8F36 /* Icon-Small@2x.png */,
				3BA7A36F1731EA9100FA8F36 /* Icon.png */,
				3BA7A3701731EA9100FA8F36 /* Icon@2x.png */,
				3BA7A3711731EA9100FA8F36 /* iTunesArtwork.png */,
			);
			name = Icons;
			sourceTree = "<group>";
		};
		8B53F05516E3D99E00647664 /* Images */ = {
			isa = PBXGroup;
			children = (
				3BA7A3691731EA8100FA8F36 /* Icons */,
				8B53F05A16E3DFA900647664 /* phone.png */,
				8B53F04516E3CF4C00647664 /* Default-568h@2x.png */,
			);
			name = Images;
			path = ..;
			sourceTree = "<group>";
		};
		E15076DA16C95F8600D55EDF = {
			isa = PBXGroup;
			children = (
				E15076EF16C95F8700D55EDF /* Grinnell-Helpdesk-iOS */,
				E15076E816C95F8700D55EDF /* Frameworks */,
				E15076E616C95F8700D55EDF /* Products */,
			);
			sourceTree = "<group>";
		};
		E15076E616C95F8700D55EDF /* Products */ = {
			isa = PBXGroup;
			children = (
				E15076E516C95F8700D55EDF /* HelpDesk.app */,
			);
			name = Products;
			sourceTree = "<group>";
		};
		E15076E816C95F8700D55EDF /* Frameworks */ = {
			isa = PBXGroup;
			children = (
				E15076E916C95F8700D55EDF /* UIKit.framework */,
				E15076EB16C95F8700D55EDF /* Foundation.framework */,
				E15076ED16C95F8700D55EDF /* CoreGraphics.framework */,
			);
			name = Frameworks;
			sourceTree = "<group>";
		};
		E15076EF16C95F8700D55EDF /* Grinnell-Helpdesk-iOS */ = {
			isa = PBXGroup;
			children = (
				E15076F816C95F8800D55EDF /* AppDelegate.h */,
				E15076F916C95F8800D55EDF /* AppDelegate.m */,
				8B53F04716E3D0F900647664 /* Ticket.h */,
				8B53F04816E3D0F900647664 /* Ticket.m */,
				8B40D50B172B13EF0000128D /* LoginViewController.h */,
				8B40D50C172B13EF0000128D /* LoginViewController.m */,
				8B40D50D172B13EF0000128D /* LoginViewController.xib */,
				E15076FB16C95F8800D55EDF /* IssuesViewController.h */,
				E15076FC16C95F8800D55EDF /* IssuesViewController.m */,
				E15076FE16C95F8800D55EDF /* IssuesViewController.xib */,
				8B53F04A16E3D64000647664 /* AddTicketViewController.h */,
				8B53F04B16E3D64000647664 /* AddTicketViewController.m */,
				8B53F04C16E3D64000647664 /* AddTicketViewController.xib */,
				8B53F04F16E3D65000647664 /* TicketViewController.h */,
				8B53F05016E3D65000647664 /* TicketViewController.m */,
				8B53F05116E3D65000647664 /* TicketViewController.xib */,
				8BD427281711F167006DC9F1 /* CommentViewController.h */,
				8BD427291711F167006DC9F1 /* CommentViewController.m */,
				8BD4272A1711F167006DC9F1 /* CommentViewController.xib */,
				8B53F05516E3D99E00647664 /* Images */,
				E15076F016C95F8700D55EDF /* Supporting Files */,
			);
			path = "Grinnell-Helpdesk-iOS";
			sourceTree = "<group>";
		};
		E15076F016C95F8700D55EDF /* Supporting Files */ = {
			isa = PBXGroup;
			children = (
				E15076F116C95F8700D55EDF /* Grinnell-Helpdesk-iOS-Info.plist */,
				E15076F216C95F8700D55EDF /* InfoPlist.strings */,
				E15076F516C95F8700D55EDF /* main.m */,
				E15076F716C95F8800D55EDF /* Grinnell-Helpdesk-iOS-Prefix.pch */,
			);
			name = "Supporting Files";
			sourceTree = "<group>";
		};
/* End PBXGroup section */

/* Begin PBXNativeTarget section */
		E15076E416C95F8700D55EDF /* HelpDesk */ = {
			isa = PBXNativeTarget;
			buildConfigurationList = E150770616C95F8800D55EDF /* Build configuration list for PBXNativeTarget "HelpDesk" */;
			buildPhases = (
				E15076E116C95F8700D55EDF /* Sources */,
				E15076E216C95F8700D55EDF /* Frameworks */,
				E15076E316C95F8700D55EDF /* Resources */,
			);
			buildRules = (
			);
			dependencies = (
			);
			name = HelpDesk;
			productName = "Grinnell-Helpdesk-iOS";
			productReference = E15076E516C95F8700D55EDF /* HelpDesk.app */;
			productType = "com.apple.product-type.application";
		};
/* End PBXNativeTarget section */

/* Begin PBXProject section */
		E15076DC16C95F8600D55EDF /* Project object */ = {
			isa = PBXProject;
			attributes = {
				LastUpgradeCheck = 0460;
			};
			buildConfigurationList = E15076DF16C95F8600D55EDF /* Build configuration list for PBXProject "Grinnell-Helpdesk-iOS" */;
			compatibilityVersion = "Xcode 3.2";
			developmentRegion = English;
			hasScannedForEncodings = 0;
			knownRegions = (
				en,
			);
			mainGroup = E15076DA16C95F8600D55EDF;
			productRefGroup = E15076E616C95F8700D55EDF /* Products */;
			projectDirPath = "";
			projectRoot = "";
			targets = (
				E15076E416C95F8700D55EDF /* HelpDesk */,
			);
		};
/* End PBXProject section */

/* Begin PBXResourcesBuildPhase section */
		E15076E316C95F8700D55EDF /* Resources */ = {
			isa = PBXResourcesBuildPhase;
			buildActionMask = 2147483647;
			files = (
				E15076F416C95F8700D55EDF /* InfoPlist.strings in Resources */,
				E150770016C95F8800D55EDF /* IssuesViewController.xib in Resources */,
				8B53F04616E3CF4C00647664 /* Default-568h@2x.png in Resources */,
				8B53F04E16E3D64000647664 /* AddTicketViewController.xib in Resources */,
				8B53F05316E3D65000647664 /* TicketViewController.xib in Resources */,
				8B53F05B16E3DFA900647664 /* phone.png in Resources */,
				8BD4272C1711F167006DC9F1 /* CommentViewController.xib in Resources */,
				8B40D50F172B13EF0000128D /* LoginViewController.xib in Resources */,
				3BA7A3721731EA9100FA8F36 /* Icon-72.png in Resources */,
				3BA7A3731731EA9100FA8F36 /* Icon-144.png in Resources */,
				3BA7A3741731EA9100FA8F36 /* Icon-Small-50.png in Resources */,
				3BA7A3751731EA9100FA8F36 /* Icon-Small.png in Resources */,
				3BA7A3761731EA9100FA8F36 /* Icon-Small@2x.png in Resources */,
				3BA7A3771731EA9100FA8F36 /* Icon.png in Resources */,
				3BA7A3781731EA9100FA8F36 /* Icon@2x.png in Resources */,
				3BA7A3791731EA9100FA8F36 /* iTunesArtwork.png in Resources */,
			);
			runOnlyForDeploymentPostprocessing = 0;
		};
/* End PBXResourcesBuildPhase section */

/* Begin PBXSourcesBuildPhase section */
		E15076E116C95F8700D55EDF /* Sources */ = {
			isa = PBXSourcesBuildPhase;
			buildActionMask = 2147483647;
			files = (
				E15076F616C95F8800D55EDF /* main.m in Sources */,
				E15076FA16C95F8800D55EDF /* AppDelegate.m in Sources */,
				E15076FD16C95F8800D55EDF /* IssuesViewController.m in Sources */,
				8B53F04916E3D0F900647664 /* Ticket.m in Sources */,
				8B53F04D16E3D64000647664 /* AddTicketViewController.m in Sources */,
				8B53F05216E3D65000647664 /* TicketViewController.m in Sources */,
				8BD4272B1711F167006DC9F1 /* CommentViewController.m in Sources */,
				8B40D50E172B13EF0000128D /* LoginViewController.m in Sources */,
			);
			runOnlyForDeploymentPostprocessing = 0;
		};
/* End PBXSourcesBuildPhase section */

/* Begin PBXVariantGroup section */
		E15076F216C95F8700D55EDF /* InfoPlist.strings */ = {
			isa = PBXVariantGroup;
			children = (
				E15076F316C95F8700D55EDF /* en */,
			);
			name = InfoPlist.strings;
			sourceTree = "<group>";
		};
		E15076FE16C95F8800D55EDF /* IssuesViewController.xib */ = {
			isa = PBXVariantGroup;
			children = (
				E15076FF16C95F8800D55EDF /* en */,
			);
			name = IssuesViewController.xib;
			sourceTree = "<group>";
		};
/* End PBXVariantGroup section */

/* Begin XCBuildConfiguration section */
		E150770416C95F8800D55EDF /* Debug */ = {
			isa = XCBuildConfiguration;
			buildSettings = {
				ALWAYS_SEARCH_USER_PATHS = NO;
				ARCHS = "$(ARCHS_STANDARD_32_BIT)";
				CLANG_ENABLE_OBJC_ARC = YES;
				CLANG_WARN_CONSTANT_CONVERSION = YES;
				CLANG_WARN_ENUM_CONVERSION = YES;
				CLANG_WARN_INT_CONVERSION = YES;
				CLANG_WARN__DUPLICATE_METHOD_MATCH = YES;
				"CODE_SIGN_IDENTITY[sdk=iphoneos*]" = "iPhone Developer";
				COPY_PHASE_STRIP = NO;
				GCC_C_LANGUAGE_STANDARD = gnu99;
				GCC_DYNAMIC_NO_PIC = NO;
				GCC_OPTIMIZATION_LEVEL = 0;
				GCC_PREPROCESSOR_DEFINITIONS = (
					"DEBUG=1",
					"$(inherited)",
				);
				GCC_SYMBOLS_PRIVATE_EXTERN = NO;
				GCC_VERSION = com.apple.compilers.llvm.clang.1_0;
				GCC_WARN_ABOUT_MISSING_PROTOTYPES = YES;
				GCC_WARN_ABOUT_RETURN_TYPE = YES;
				GCC_WARN_UNINITIALIZED_AUTOS = YES;
				GCC_WARN_UNUSED_VARIABLE = YES;
				IPHONEOS_DEPLOYMENT_TARGET = 5.0;
				SDKROOT = iphoneos;
				TARGETED_DEVICE_FAMILY = "1,2";
			};
			name = Debug;
		};
		E150770516C95F8800D55EDF /* Release */ = {
			isa = XCBuildConfiguration;
			buildSettings = {
				ALWAYS_SEARCH_USER_PATHS = NO;
				ARCHS = "$(ARCHS_STANDARD_32_BIT)";
				CLANG_ENABLE_OBJC_ARC = YES;
				CLANG_WARN_CONSTANT_CONVERSION = YES;
				CLANG_WARN_ENUM_CONVERSION = YES;
				CLANG_WARN_INT_CONVERSION = YES;
				CLANG_WARN__DUPLICATE_METHOD_MATCH = YES;
				"CODE_SIGN_IDENTITY[sdk=iphoneos*]" = "iPhone Developer";
				COPY_PHASE_STRIP = YES;
				GCC_C_LANGUAGE_STANDARD = gnu99;
				GCC_VERSION = com.apple.compilers.llvm.clang.1_0;
				GCC_WARN_ABOUT_MISSING_PROTOTYPES = YES;
				GCC_WARN_ABOUT_RETURN_TYPE = YES;
				GCC_WARN_UNINITIALIZED_AUTOS = YES;
				GCC_WARN_UNUSED_VARIABLE = YES;
				IPHONEOS_DEPLOYMENT_TARGET = 5.0;
				OTHER_CFLAGS = "-DNS_BLOCK_ASSERTIONS=1";
				SDKROOT = iphoneos;
				TARGETED_DEVICE_FAMILY = "1,2";
				VALIDATE_PRODUCT = YES;
			};
			name = Release;
		};
		E150770716C95F8800D55EDF /* Debug */ = {
			isa = XCBuildConfiguration;
			buildSettings = {
				GCC_PRECOMPILE_PREFIX_HEADER = YES;
				GCC_PREFIX_HEADER = "Grinnell-Helpdesk-iOS/Grinnell-Helpdesk-iOS-Prefix.pch";
				INFOPLIST_FILE = "Grinnell-Helpdesk-iOS/Grinnell-Helpdesk-iOS-Info.plist";
				PRODUCT_NAME = "$(TARGET_NAME)";
				WRAPPER_EXTENSION = app;
			};
			name = Debug;
		};
		E150770816C95F8800D55EDF /* Release */ = {
			isa = XCBuildConfiguration;
			buildSettings = {
				GCC_PRECOMPILE_PREFIX_HEADER = YES;
				GCC_PREFIX_HEADER = "Grinnell-Helpdesk-iOS/Grinnell-Helpdesk-iOS-Prefix.pch";
				INFOPLIST_FILE = "Grinnell-Helpdesk-iOS/Grinnell-Helpdesk-iOS-Info.plist";
				PRODUCT_NAME = "$(TARGET_NAME)";
				WRAPPER_EXTENSION = app;
			};
			name = Release;
		};
/* End XCBuildConfiguration section */

/* Begin XCConfigurationList section */
		E15076DF16C95F8600D55EDF /* Build configuration list for PBXProject "Grinnell-Helpdesk-iOS" */ = {
			isa = XCConfigurationList;
			buildConfigurations = (
				E150770416C95F8800D55EDF /* Debug */,
				E150770516C95F8800D55EDF /* Release */,
			);
			defaultConfigurationIsVisible = 0;
			defaultConfigurationName = Release;
		};
		E150770616C95F8800D55EDF /* Build configuration list for PBXNativeTarget "HelpDesk" */ = {
			isa = XCConfigurationList;
			buildConfigurations = (
				E150770716C95F8800D55EDF /* Debug */,
				E150770816C95F8800D55EDF /* Release */,
			);
			defaultConfigurationIsVisible = 0;
			defaultConfigurationName = Release;
		};
/* End XCConfigurationList section */
	};
	rootObject = E15076DC16C95F8600D55EDF /* Project object */;
}
